
Microsoft Visual Studio Solution File, Format Version 12.00
# Visual Studio Version 16
VisualStudioVersion = 16.0.30204.135
MinimumVisualStudioVersion = 10.0.40219.1
Project("{FAE04EC0-301F-11D3-BF4B-00C04F79EFBC}") = "yaokecai1", "yaokecai1.csproj", "{632A8B13-B275-4FF5-8DEC-2699DA6C604E}"
EndProject
Global
	GlobalSection(SolutionConfigurationPlatforms) = preSolution
		Debug|Any CPU = Debug|Any CPU
		Release|Any CPU = Release|Any CPU
	EndGlobalSection
	GlobalSection(ProjectConfigurationPlatforms) = postSolution
		{632A8B13-B275-4FF5-8DEC-2699DA6C604E}.Debug|Any CPU.ActiveCfg = Debug|Any CPU
		{632A8B13-B275-4FF5-8DEC-2699DA6C604E}.Debug|Any CPU.Build.0 = Debug|Any CPU
		{632A8B13-B275-4FF5-8DEC-2699DA6C604E}.Release|Any CPU.ActiveCfg = Release|Any CPU
		{632A8B13-B275-4FF5-8DEC-2699DA6C604E}.Release|Any CPU.Build.0 = Release|Any CPU
	EndGlobalSection
	GlobalSection(SolutionProperties) = preSolution
		HideSolutionNode = FALSE
	EndGlobalSection
	GlobalSection(ExtensibilityGlobals) = postSolution
		SolutionGuid = {6DC9860E-A97F-4613-A8A2-8AB4041C625C}
	EndGlobalSection
EndGlobal
